
Microsoft Visual Studio Solution File, Format Version 12.00
# Visual Studio 15
VisualStudioVersion = 15.0.27428.1
MinimumVisualStudioVersion = 10.0.40219.1
Project("{FAE04EC0-301F-11D3-BF4B-00C04F79EFBC}") = "WeatherForecastDR", "WeatherForecastDR\WeatherForecastDR.csproj", "{D5F80440-3CAA-479D-B5BF-B1531EC53CB1}"
EndProject
Global
	GlobalSection(SolutionConfigurationPlatforms) = preSolution
		Debug|Any CPU = Debug|Any CPU
		Release|Any CPU = Release|Any CPU
	EndGlobalSection
	GlobalSection(ProjectConfigurationPlatforms) = postSolution
		{D5F80440-3CAA-479D-B5BF-B1531EC53CB1}.Debug|Any CPU.ActiveCfg = Debug|Any CPU
		{D5F80440-3CAA-479D-B5BF-B1531EC53CB1}.Debug|Any CPU.Build.0 = Debug|Any CPU
		{D5F80440-3CAA-479D-B5BF-B1531EC53CB1}.Release|Any CPU.ActiveCfg = Release|Any CPU
		{D5F80440-3CAA-479D-B5BF-B1531EC53CB1}.Release|Any CPU.Build.0 = Release|Any CPU
	EndGlobalSection
	GlobalSection(SolutionProperties) = preSolution
		HideSolutionNode = FALSE
	EndGlobalSection
	GlobalSection(ExtensibilityGlobals) = postSolution
		SolutionGuid = {56F0882E-E69A-4752-8956-B7DD11A57F4F}
	EndGlobalSection
EndGlobal
